{
  "name": "math-eval-ts",
  "version": "1.0.0",
  "lockfileVersion": 1,
  "requires": true,
  "dependencies": {
    "dl-stack-ts": {
      "version": "1.0.0",
      "resolved": "https://registry.npmjs.org/dl-stack-ts/-/dl-stack-ts-1.0.0.tgz",
      "integrity": "sha512-qAz3ITlnZvQbA5JD2sQBrSdA0f22iUBtdm51QChXd095lhulZ/eXa/fTnwMWzogAaeF91koav3hrpubhDThM3A=="
    }
  }
}
